
Microsoft Visual Studio Solution File, Format Version 12.00
# Visual Studio Version 17
VisualStudioVersion = 17.0.31903.59
MinimumVisualStudioVersion = 10.0.40219.1
Project("{2150E333-8FDC-42A3-9474-1A3956D46DE8}") = "src", "src", "{827E0CD3-B72D-47B6-A68D-7590B98EB39B}"
EndProject
Project("{FAE04EC0-301F-11D3-BF4B-00C04F79EFBC}") = "VComTunnel.Core", "src\VComTunnel.Core\VComTunnel.Core.csproj", "{6B99623E-677F-4F28-8A6A-7AC8CE522D1B}"
EndProject
Project("{FAE04EC0-301F-11D3-BF4B-00C04F79EFBC}") = "VComTunnel.Service", "src\VComTunnel.Service\VComTunnel.Service.csproj", "{45AEBDEF-2739-40D5-A34D-EC2925209E27}"
EndProject
Project("{FAE04EC0-301F-11D3-BF4B-00C04F79EFBC}") = "VComTunnel.Cli", "src\VComTunnel.Cli\VComTunnel.Cli.csproj", "{3F1E780A-678B-42DF-8083-079CECC0DD14}"
EndProject
Project("{FAE04EC0-301F-11D3-BF4B-00C04F79EFBC}") = "VComTunnel.Gui", "src\VComTunnel.Gui\VComTunnel.Gui.csproj", "{B246193D-0FE7-4566-9AF9-5F1E34FB8EBB}"
EndProject
Project("{2150E333-8FDC-42A3-9474-1A3956D46DE8}") = "tests", "tests", "{0AB3BF05-4346-4AA6-1389-037BE0695223}"
EndProject
Project("{FAE04EC0-301F-11D3-BF4B-00C04F79EFBC}") = "VComTunnel.Tests", "tests\VComTunnel.Tests\VComTunnel.Tests.csproj", "{6E4E20E9-CC28-44EC-A49A-0C4108074CA5}"
EndProject
Project("{FAE04EC0-301F-11D3-BF4B-00C04F79EFBC}") = "VComTunnel.Client", "src\VComTunnel.Client\VComTunnel.Client.csproj", "{5CAF6452-C5CB-48CF-B6F0-BFF4E86644C3}"
EndProject
Project("{FAE04EC0-301F-11D3-BF4B-00C04F79EFBC}") = "VComTunnel.Gui.Avalonia", "src\VComTunnel.Gui.Avalonia\VComTunnel.Gui.Avalonia.csproj", "{AD3CE502-58F8-4DA3-AAC6-BCD9E0008B0F}"
EndProject
Global
	GlobalSection(SolutionConfigurationPlatforms) = preSolution
		Debug|Any CPU = Debug|Any CPU
		Debug|x64 = Debug|x64
		Debug|x86 = Debug|x86
		Release|Any CPU = Release|Any CPU
		Release|x64 = Release|x64
		Release|x86 = Release|x86
	EndGlobalSection
	GlobalSection(ProjectConfigurationPlatforms) = postSolution
		{6B99623E-677F-4F28-8A6A-7AC8CE522D1B}.Debug|Any CPU.ActiveCfg = Debug|Any CPU
		{6B99623E-677F-4F28-8A6A-7AC8CE522D1B}.Debug|Any CPU.Build.0 = Debug|Any CPU
		{6B99623E-677F-4F28-8A6A-7AC8CE522D1B}.Debug|x64.ActiveCfg = Debug|Any CPU
		{6B99623E-677F-4F28-8A6A-7AC8CE522D1B}.Debug|x64.Build.0 = Debug|Any CPU
		{6B99623E-677F-4F28-8A6A-7AC8CE522D1B}.Debug|x86.ActiveCfg = Debug|Any CPU
		{6B99623E-677F-4F28-8A6A-7AC8CE522D1B}.Debug|x86.Build.0 = Debug|Any CPU
		{6B99623E-677F-4F28-8A6A-7AC8CE522D1B}.Release|Any CPU.ActiveCfg = Release|Any CPU
		{6B99623E-677F-4F28-8A6A-7AC8CE522D1B}.Release|Any CPU.Build.0 = Release|Any CPU
		{6B99623E-677F-4F28-8A6A-7AC8CE522D1B}.Release|x64.ActiveCfg = Release|Any CPU
		{6B99623E-677F-4F28-8A6A-7AC8CE522D1B}.Release|x64.Build.0 = Release|Any CPU
		{6B99623E-677F-4F28-8A6A-7AC8CE522D1B}.Release|x86.ActiveCfg = Release|Any CPU
		{6B99623E-677F-4F28-8A6A-7AC8CE522D1B}.Release|x86.Build.0 = Release|Any CPU
		{45AEBDEF-2739-40D5-A34D-EC2925209E27}.Debug|Any CPU.ActiveCfg = Debug|Any CPU
		{45AEBDEF-2739-40D5-A34D-EC2925209E27}.Debug|Any CPU.Build.0 = Debug|Any CPU
		{45AEBDEF-2739-40D5-A34D-EC2925209E27}.Debug|x64.ActiveCfg = Debug|Any CPU
		{45AEBDEF-2739-40D5-A34D-EC2925209E27}.Debug|x64.Build.0 = Debug|Any CPU
		{45AEBDEF-2739-40D5-A34D-EC2925209E27}.Debug|x86.ActiveCfg = Debug|Any CPU
		{45AEBDEF-2739-40D5-A34D-EC2925209E27}.Debug|x86.Build.0 = Debug|Any CPU
		{45AEBDEF-2739-40D5-A34D-EC2925209E27}.Release|Any CPU.ActiveCfg = Release|Any CPU
		{45AEBDEF-2739-40D5-A34D-EC2925209E27}.Release|Any CPU.Build.0 = Release|Any CPU
		{45AEBDEF-2739-40D5-A34D-EC2925209E27}.Release|x64.ActiveCfg = Release|Any CPU
		{45AEBDEF-2739-40D5-A34D-EC2925209E27}.Release|x64.Build.0 = Release|Any CPU
		{45AEBDEF-2739-40D5-A34D-EC2925209E27}.Release|x86.ActiveCfg = Release|Any CPU
		{45AEBDEF-2739-40D5-A34D-EC2925209E27}.Release|x86.Build.0 = Release|Any CPU
		{3F1E780A-678B-42DF-8083-079CECC0DD14}.Debug|Any CPU.ActiveCfg = Debug|Any CPU
		{3F1E780A-678B-42DF-8083-079CECC0DD14}.Debug|Any CPU.Build.0 = Debug|Any CPU
		{3F1E780A-678B-42DF-8083-079CECC0DD14}.Debug|x64.ActiveCfg = Debug|Any CPU
		{3F1E780A-678B-42DF-8083-079CECC0DD14}.Debug|x64.Build.0 = Debug|Any CPU
		{3F1E780A-678B-42DF-8083-079CECC0DD14}.Debug|x86.ActiveCfg = Debug|Any CPU
		{3F1E780A-678B-42DF-8083-079CECC0DD14}.Debug|x86.Build.0 = Debug|Any CPU
		{3F1E780A-678B-42DF-8083-079CECC0DD14}.Release|Any CPU.ActiveCfg = Release|Any CPU
		{3F1E780A-678B-42DF-8083-079CECC0DD14}.Release|Any CPU.Build.0 = Release|Any CPU
		{3F1E780A-678B-42DF-8083-079CECC0DD14}.Release|x64.ActiveCfg = Release|Any CPU
		{3F1E780A-678B-42DF-8083-079CECC0DD14}.Release|x64.Build.0 = Release|Any CPU
		{3F1E780A-678B-42DF-8083-079CECC0DD14}.Release|x86.ActiveCfg = Release|Any CPU
		{3F1E780A-678B-42DF-8083-079CECC0DD14}.Release|x86.Build.0 = Release|Any CPU
		{B246193D-0FE7-4566-9AF9-5F1E34FB8EBB}.Debug|Any CPU.ActiveCfg = Debug|Any CPU
		{B246193D-0FE7-4566-9AF9-5F1E34FB8EBB}.Debug|Any CPU.Build.0 = Debug|Any CPU
		{B246193D-0FE7-4566-9AF9-5F1E34FB8EBB}.Debug|x64.ActiveCfg = Debug|Any CPU
		{B246193D-0FE7-4566-9AF9-5F1E34FB8EBB}.Debug|x64.Build.0 = Debug|Any CPU
		{B246193D-0FE7-4566-9AF9-5F1E34FB8EBB}.Debug|x86.ActiveCfg = Debug|Any CPU
		{B246193D-0FE7-4566-9AF9-5F1E34FB8EBB}.Debug|x86.Build.0 = Debug|Any CPU
		{B246193D-0FE7-4566-9AF9-5F1E34FB8EBB}.Release|Any CPU.ActiveCfg = Release|Any CPU
		{B246193D-0FE7-4566-9AF9-5F1E34FB8EBB}.Release|Any CPU.Build.0 = Release|Any CPU
		{B246193D-0FE7-4566-9AF9-5F1E34FB8EBB}.Release|x64.ActiveCfg = Release|Any CPU
		{B246193D-0FE7-4566-9AF9-5F1E34FB8EBB}.Release|x64.Build.0 = Release|Any CPU
		{B246193D-0FE7-4566-9AF9-5F1E34FB8EBB}.Release|x86.ActiveCfg = Release|Any CPU
		{B246193D-0FE7-4566-9AF9-5F1E34FB8EBB}.Release|x86.Build.0 = Release|Any CPU
		{6E4E20E9-CC28-44EC-A49A-0C4108074CA5}.Debug|Any CPU.ActiveCfg = Debug|Any CPU
		{6E4E20E9-CC28-44EC-A49A-0C4108074CA5}.Debug|Any CPU.Build.0 = Debug|Any CPU
		{6E4E20E9-CC28-44EC-A49A-0C4108074CA5}.Debug|x64.ActiveCfg = Debug|Any CPU
		{6E4E20E9-CC28-44EC-A49A-0C4108074CA5}.Debug|x64.Build.0 = Debug|Any CPU
		{6E4E20E9-CC28-44EC-A49A-0C4108074CA5}.Debug|x86.ActiveCfg = Debug|Any CPU
		{6E4E20E9-CC28-44EC-A49A-0C4108074CA5}.Debug|x86.Build.0 = Debug|Any CPU
		{6E4E20E9-CC28-44EC-A49A-0C4108074CA5}.Release|Any CPU.ActiveCfg = Release|Any CPU
		{6E4E20E9-CC28-44EC-A49A-0C4108074CA5}.Release|Any CPU.Build.0 = Release|Any CPU
		{6E4E20E9-CC28-44EC-A49A-0C4108074CA5}.Release|x64.ActiveCfg = Release|Any CPU
		{6E4E20E9-CC28-44EC-A49A-0C4108074CA5}.Release|x64.Build.0 = Release|Any CPU
		{6E4E20E9-CC28-44EC-A49A-0C4108074CA5}.Release|x86.ActiveCfg = Release|Any CPU
		{6E4E20E9-CC28-44EC-A49A-0C4108074CA5}.Release|x86.Build.0 = Release|Any CPU
		{5CAF6452-C5CB-48CF-B6F0-BFF4E86644C3}.Debug|Any CPU.ActiveCfg = Debug|Any CPU
		{5CAF6452-C5CB-48CF-B6F0-BFF4E86644C3}.Debug|Any CPU.Build.0 = Debug|Any CPU
		{5CAF6452-C5CB-48CF-B6F0-BFF4E86644C3}.Debug|x64.ActiveCfg = Debug|Any CPU
		{5CAF6452-C5CB-48CF-B6F0-BFF4E86644C3}.Debug|x64.Build.0 = Debug|Any CPU
		{5CAF6452-C5CB-48CF-B6F0-BFF4E86644C3}.Debug|x86.ActiveCfg = Debug|Any CPU
		{5CAF6452-C5CB-48CF-B6F0-BFF4E86644C3}.Debug|x86.Build.0 = Debug|Any CPU
		{5CAF6452-C5CB-48CF-B6F0-BFF4E86644C3}.Release|Any CPU.ActiveCfg = Release|Any CPU
		{5CAF6452-C5CB-48CF-B6F0-BFF4E86644C3}.Release|Any CPU.Build.0 = Release|Any CPU
		{5CAF6452-C5CB-48CF-B6F0-BFF4E86644C3}.Release|x64.ActiveCfg = Release|Any CPU
		{5CAF6452-C5CB-48CF-B6F0-BFF4E86644C3}.Release|x64.Build.0 = Release|Any CPU
		{5CAF6452-C5CB-48CF-B6F0-BFF4E86644C3}.Release|x86.ActiveCfg = Release|Any CPU
		{5CAF6452-C5CB-48CF-B6F0-BFF4E86644C3}.Release|x86.Build.0 = Release|Any CPU
		{AD3CE502-58F8-4DA3-AAC6-BCD9E0008B0F}.Debug|Any CPU.ActiveCfg = Debug|Any CPU
		{AD3CE502-58F8-4DA3-AAC6-BCD9E0008B0F}.Debug|Any CPU.Build.0 = Debug|Any CPU
		{AD3CE502-58F8-4DA3-AAC6-BCD9E0008B0F}.Debug|x64.ActiveCfg = Debug|Any CPU
		{AD3CE502-58F8-4DA3-AAC6-BCD9E0008B0F}.Debug|x64.Build.0 = Debug|Any CPU
		{AD3CE502-58F8-4DA3-AAC6-BCD9E0008B0F}.Debug|x86.ActiveCfg = Debug|Any CPU
		{AD3CE502-58F8-4DA3-AAC6-BCD9E0008B0F}.Debug|x86.Build.0 = Debug|Any CPU
		{AD3CE502-58F8-4DA3-AAC6-BCD9E0008B0F}.Release|Any CPU.ActiveCfg = Release|Any CPU
		{AD3CE502-58F8-4DA3-AAC6-BCD9E0008B0F}.Release|Any CPU.Build.0 = Release|Any CPU
		{AD3CE502-58F8-4DA3-AAC6-BCD9E0008B0F}.Release|x64.ActiveCfg = Release|Any CPU
		{AD3CE502-58F8-4DA3-AAC6-BCD9E0008B0F}.Release|x64.Build.0 = Release|Any CPU
		{AD3CE502-58F8-4DA3-AAC6-BCD9E0008B0F}.Release|x86.ActiveCfg = Release|Any CPU
		{AD3CE502-58F8-4DA3-AAC6-BCD9E0008B0F}.Release|x86.Build.0 = Release|Any CPU
	EndGlobalSection
	GlobalSection(SolutionProperties) = preSolution
		HideSolutionNode = FALSE
	EndGlobalSection
	GlobalSection(NestedProjects) = preSolution
		{6B99623E-677F-4F28-8A6A-7AC8CE522D1B} = {827E0CD3-B72D-47B6-A68D-7590B98EB39B}
		{45AEBDEF-2739-40D5-A34D-EC2925209E27} = {827E0CD3-B72D-47B6-A68D-7590B98EB39B}
		{3F1E780A-678B-42DF-8083-079CECC0DD14} = {827E0CD3-B72D-47B6-A68D-7590B98EB39B}
		{B246193D-0FE7-4566-9AF9-5F1E34FB8EBB} = {827E0CD3-B72D-47B6-A68D-7590B98EB39B}
		{6E4E20E9-CC28-44EC-A49A-0C4108074CA5} = {0AB3BF05-4346-4AA6-1389-037BE0695223}
		{5CAF6452-C5CB-48CF-B6F0-BFF4E86644C3} = {827E0CD3-B72D-47B6-A68D-7590B98EB39B}
		{AD3CE502-58F8-4DA3-AAC6-BCD9E0008B0F} = {827E0CD3-B72D-47B6-A68D-7590B98EB39B}
	EndGlobalSection
EndGlobal
